
Microsoft Visual Studio Solution File, Format Version 12.00
# Visual Studio 2013
VisualStudioVersion = 12.0.31101.0
MinimumVisualStudioVersion = 10.0.40219.1
Project("{FAE04EC0-301F-11D3-BF4B-00C04F79EFBC}") = "X509Examples", "X509Examples\X509Examples.csproj", "{E6558C93-1C03-466F-B2CB-1549649E3720}"
EndProject
Project("{FAE04EC0-301F-11D3-BF4B-00C04F79EFBC}") = "GenericPrincipal", "GenericPrincipal\GenericPrincipal.csproj", "{0AF0C9DA-8109-4167-A2BF-D56815E604C7}"
EndProject
Project("{FAE04EC0-301F-11D3-BF4B-00C04F79EFBC}") = "WindowsPrincipalDemo", "WindowsPrincipal\WindowsPrincipalDemo.csproj", "{FBCB585E-7B22-41E2-8858-67B8C95C8245}"
EndProject
Project("{FAE04EC0-301F-11D3-BF4B-00C04F79EFBC}") = "Tokens", "Tokens\Tokens.csproj", "{5477B800-70C3-4EAD-84A3-E4B6E6574287}"
EndProject
Project("{2150E333-8FDC-42A3-9474-1A3956D46DE8}") = ".nuget", ".nuget", "{0D4DA16E-5FCE-420D-B331-C96D3B400246}"
	ProjectSection(SolutionItems) = preProject
		.nuget\packages.config = .nuget\packages.config
	EndProjectSection
EndProject
Project("{FAE04EC0-301F-11D3-BF4B-00C04F79EFBC}") = "SecurityPipeline", "SecuirtyPipeline\SecurityPipeline.csproj", "{B3776BF4-2B8E-4AFB-B9A1-8DD560BEEE57}"
EndProject
Project("{FAE04EC0-301F-11D3-BF4B-00C04F79EFBC}") = "WindowAuthentication", "WindowAuthentication\WindowAuthentication.csproj", "{5186F8E1-9780-4F9A-8A6D-F97B160ECB93}"
EndProject
Project("{FAE04EC0-301F-11D3-BF4B-00C04F79EFBC}") = "TR1_WebApplication1", "TR1_WebApplication1\TR1_WebApplication1.csproj", "{5B9889D4-F1B2-40F1-90B5-4987B5007A09}"
EndProject
Project("{FAE04EC0-301F-11D3-BF4B-00C04F79EFBC}") = "TR2_WebApplication2", "TR2_WebApplication2\TR2_WebApplication2.csproj", "{314D50FF-E71E-4B22-A968-21A49962E3DB}"
EndProject
Project("{FAE04EC0-301F-11D3-BF4B-00C04F79EFBC}") = "TR3_WebApplication3", "TR3_WebApplication3\TR3_WebApplication3.csproj", "{F4E5B62F-8BC7-4249-9989-4E1FF40D0CD0}"
EndProject
Project("{FAE04EC0-301F-11D3-BF4B-00C04F79EFBC}") = "TR4_WebApplication4", "TR4_WebApplication4\TR4_WebApplication4.csproj", "{8785FED9-D8BD-48D3-9435-F45D2BE34764}"
EndProject
Project("{FAE04EC0-301F-11D3-BF4B-00C04F79EFBC}") = "TR5_WebApplication5", "TR5_WebApplication5\TR5_WebApplication5.csproj", "{B1A407F4-D2F9-4F8F-9A44-83D40A1C8816}"
EndProject
Global
	GlobalSection(SolutionConfigurationPlatforms) = preSolution
		Debug|Any CPU = Debug|Any CPU
		Release|Any CPU = Release|Any CPU
	EndGlobalSection
	GlobalSection(ProjectConfigurationPlatforms) = postSolution
		{E6558C93-1C03-466F-B2CB-1549649E3720}.Debug|Any CPU.ActiveCfg = Debug|Any CPU
		{E6558C93-1C03-466F-B2CB-1549649E3720}.Debug|Any CPU.Build.0 = Debug|Any CPU
		{E6558C93-1C03-466F-B2CB-1549649E3720}.Release|Any CPU.ActiveCfg = Release|Any CPU
		{E6558C93-1C03-466F-B2CB-1549649E3720}.Release|Any CPU.Build.0 = Release|Any CPU
		{0AF0C9DA-8109-4167-A2BF-D56815E604C7}.Debug|Any CPU.ActiveCfg = Debug|Any CPU
		{0AF0C9DA-8109-4167-A2BF-D56815E604C7}.Debug|Any CPU.Build.0 = Debug|Any CPU
		{0AF0C9DA-8109-4167-A2BF-D56815E604C7}.Release|Any CPU.ActiveCfg = Release|Any CPU
		{0AF0C9DA-8109-4167-A2BF-D56815E604C7}.Release|Any CPU.Build.0 = Release|Any CPU
		{FBCB585E-7B22-41E2-8858-67B8C95C8245}.Debug|Any CPU.ActiveCfg = Debug|Any CPU
		{FBCB585E-7B22-41E2-8858-67B8C95C8245}.Debug|Any CPU.Build.0 = Debug|Any CPU
		{FBCB585E-7B22-41E2-8858-67B8C95C8245}.Release|Any CPU.ActiveCfg = Release|Any CPU
		{FBCB585E-7B22-41E2-8858-67B8C95C8245}.Release|Any CPU.Build.0 = Release|Any CPU
		{5477B800-70C3-4EAD-84A3-E4B6E6574287}.Debug|Any CPU.ActiveCfg = Debug|Any CPU
		{5477B800-70C3-4EAD-84A3-E4B6E6574287}.Debug|Any CPU.Build.0 = Debug|Any CPU
		{5477B800-70C3-4EAD-84A3-E4B6E6574287}.Release|Any CPU.ActiveCfg = Release|Any CPU
		{5477B800-70C3-4EAD-84A3-E4B6E6574287}.Release|Any CPU.Build.0 = Release|Any CPU
		{B3776BF4-2B8E-4AFB-B9A1-8DD560BEEE57}.Debug|Any CPU.ActiveCfg = Debug|Any CPU
		{B3776BF4-2B8E-4AFB-B9A1-8DD560BEEE57}.Debug|Any CPU.Build.0 = Debug|Any CPU
		{B3776BF4-2B8E-4AFB-B9A1-8DD560BEEE57}.Release|Any CPU.ActiveCfg = Release|Any CPU
		{B3776BF4-2B8E-4AFB-B9A1-8DD560BEEE57}.Release|Any CPU.Build.0 = Release|Any CPU
		{5186F8E1-9780-4F9A-8A6D-F97B160ECB93}.Debug|Any CPU.ActiveCfg = Debug|Any CPU
		{5186F8E1-9780-4F9A-8A6D-F97B160ECB93}.Debug|Any CPU.Build.0 = Debug|Any CPU
		{5186F8E1-9780-4F9A-8A6D-F97B160ECB93}.Release|Any CPU.ActiveCfg = Release|Any CPU
		{5186F8E1-9780-4F9A-8A6D-F97B160ECB93}.Release|Any CPU.Build.0 = Release|Any CPU
		{5B9889D4-F1B2-40F1-90B5-4987B5007A09}.Debug|Any CPU.ActiveCfg = Debug|Any CPU
		{5B9889D4-F1B2-40F1-90B5-4987B5007A09}.Debug|Any CPU.Build.0 = Debug|Any CPU
		{5B9889D4-F1B2-40F1-90B5-4987B5007A09}.Release|Any CPU.ActiveCfg = Release|Any CPU
		{5B9889D4-F1B2-40F1-90B5-4987B5007A09}.Release|Any CPU.Build.0 = Release|Any CPU
		{314D50FF-E71E-4B22-A968-21A49962E3DB}.Debug|Any CPU.ActiveCfg = Debug|Any CPU
		{314D50FF-E71E-4B22-A968-21A49962E3DB}.Debug|Any CPU.Build.0 = Debug|Any CPU
		{314D50FF-E71E-4B22-A968-21A49962E3DB}.Release|Any CPU.ActiveCfg = Release|Any CPU
		{314D50FF-E71E-4B22-A968-21A49962E3DB}.Release|Any CPU.Build.0 = Release|Any CPU
		{F4E5B62F-8BC7-4249-9989-4E1FF40D0CD0}.Debug|Any CPU.ActiveCfg = Debug|Any CPU
		{F4E5B62F-8BC7-4249-9989-4E1FF40D0CD0}.Debug|Any CPU.Build.0 = Debug|Any CPU
		{F4E5B62F-8BC7-4249-9989-4E1FF40D0CD0}.Release|Any CPU.ActiveCfg = Release|Any CPU
		{F4E5B62F-8BC7-4249-9989-4E1FF40D0CD0}.Release|Any CPU.Build.0 = Release|Any CPU
		{8785FED9-D8BD-48D3-9435-F45D2BE34764}.Debug|Any CPU.ActiveCfg = Debug|Any CPU
		{8785FED9-D8BD-48D3-9435-F45D2BE34764}.Debug|Any CPU.Build.0 = Debug|Any CPU
		{8785FED9-D8BD-48D3-9435-F45D2BE34764}.Release|Any CPU.ActiveCfg = Release|Any CPU
		{8785FED9-D8BD-48D3-9435-F45D2BE34764}.Release|Any CPU.Build.0 = Release|Any CPU
		{B1A407F4-D2F9-4F8F-9A44-83D40A1C8816}.Debug|Any CPU.ActiveCfg = Debug|Any CPU
		{B1A407F4-D2F9-4F8F-9A44-83D40A1C8816}.Debug|Any CPU.Build.0 = Debug|Any CPU
		{B1A407F4-D2F9-4F8F-9A44-83D40A1C8816}.Release|Any CPU.ActiveCfg = Release|Any CPU
		{B1A407F4-D2F9-4F8F-9A44-83D40A1C8816}.Release|Any CPU.Build.0 = Release|Any CPU
	EndGlobalSection
	GlobalSection(SolutionProperties) = preSolution
		HideSolutionNode = FALSE
	EndGlobalSection
EndGlobal
